// !$*UTF8*$!
{
	archiveVersion = 1;
	classes = {
	};
	objectVersion = 56;
	objects = {

/* Begin PBXBuildFile section */
		480C0A532A3E768C00FAA8C2 /* AllTickersView.swift in Sources */ = {isa = PBXBuildFile; fileRef = 480C0A522A3E768C00FAA8C2 /* AllTickersView.swift */; };
		480C0A552A3E769E00FAA8C2 /* TickerRowView.swift in Sources */ = {isa = PBXBuildFile; fileRef = 480C0A542A3E769E00FAA8C2 /* TickerRowView.swift */; };
		480C0A572A3E869C00FAA8C2 /* ContentViewModel.swift in Sources */ = {isa = PBXBuildFile; fileRef = 480C0A562A3E869C00FAA8C2 /* ContentViewModel.swift */; };
		483AAD862A4651D3001A3652 /* DateExtension.swift in Sources */ = {isa = PBXBuildFile; fileRef = 483AAD852A4651D3001A3652 /* DateExtension.swift */; };
		483AAD882A466A7A001A3652 /* ChartView.swift in Sources */ = {isa = PBXBuildFile; fileRef = 483AAD872A466A7A001A3652 /* ChartView.swift */; };
		485D9CCB2A43E3CC004B48D3 /* LowerDetailsModel.swift in Sources */ = {isa = PBXBuildFile; fileRef = 485D9CCA2A43E3CC004B48D3 /* LowerDetailsModel.swift */; };
		485D9CCD2A43E510004B48D3 /* PreviewMockData.swift in Sources */ = {isa = PBXBuildFile; fileRef = 485D9CCC2A43E510004B48D3 /* PreviewMockData.swift */; };
		486171FD2A3CFB23000F6B50 /* TopMoverItemView.swift in Sources */ = {isa = PBXBuildFile; fileRef = 486171FC2A3CFB23000F6B50 /* TopMoverItemView.swift */; };
		486171FF2A3CFB47000F6B50 /* TopMoversView.swift in Sources */ = {isa = PBXBuildFile; fileRef = 486171FE2A3CFB47000F6B50 /* TopMoversView.swift */; };
		489866262A3B92BD00944E78 /* CryptoDataApp.swift in Sources */ = {isa = PBXBuildFile; fileRef = 489866252A3B92BD00944E78 /* CryptoDataApp.swift */; };
		489866282A3B92BD00944E78 /* ContentView.swift in Sources */ = {isa = PBXBuildFile; fileRef = 489866272A3B92BD00944E78 /* ContentView.swift */; };
		4898662A2A3B92BD00944E78 /* Assets.xcassets in Resources */ = {isa = PBXBuildFile; fileRef = 489866292A3B92BD00944E78 /* Assets.xcassets */; };
		4898662D2A3B92BD00944E78 /* Preview Assets.xcassets in Resources */ = {isa = PBXBuildFile; fileRef = 4898662C2A3B92BD00944E78 /* Preview Assets.xcassets */; };
		48A5677F2A46346600EF1A67 /* ChartDataModel.swift in Sources */ = {isa = PBXBuildFile; fileRef = 48A5677E2A46346600EF1A67 /* ChartDataModel.swift */; };
		48B1B0DA2A42A55F0031CE39 /* Kingfisher in Frameworks */ = {isa = PBXBuildFile; productRef = 48B1B0D92A42A55F0031CE39 /* Kingfisher */; };
		48B1B0DC2A42A6DE0031CE39 /* DoubleExt.swift in Sources */ = {isa = PBXBuildFile; fileRef = 48B1B0DB2A42A6DE0031CE39 /* DoubleExt.swift */; };
		48C881AB2A44C440000FBBD4 /* TickerDetailsSectionModel.swift in Sources */ = {isa = PBXBuildFile; fileRef = 48C881AA2A44C440000FBBD4 /* TickerDetailsSectionModel.swift */; };
		48C881AD2A44CF77000FBBD4 /* TickerDetailsViewModel.swift in Sources */ = {isa = PBXBuildFile; fileRef = 48C881AC2A44CF77000FBBD4 /* TickerDetailsViewModel.swift */; };
		48D1FF962A3F8B9E00056350 /* Coin.swift in Sources */ = {isa = PBXBuildFile; fileRef = 48D1FF952A3F8B9E00056350 /* Coin.swift */; };
		48D2EB732A43929A00E6F604 /* TickerDetailsView.swift in Sources */ = {isa = PBXBuildFile; fileRef = 48D2EB722A43929A00E6F604 /* TickerDetailsView.swift */; };
		48D2EB752A439FEB00E6F604 /* Color.swift in Sources */ = {isa = PBXBuildFile; fileRef = 48D2EB742A439FEB00E6F604 /* Color.swift */; };
		48D2EB772A43A2E200E6F604 /* TickerLowerDetailsView.swift in Sources */ = {isa = PBXBuildFile; fileRef = 48D2EB762A43A2E200E6F604 /* TickerLowerDetailsView.swift */; };
		48E689C92A489B0400F2C175 /* LoadingIndicator.swift in Sources */ = {isa = PBXBuildFile; fileRef = 48E689C82A489B0400F2C175 /* LoadingIndicator.swift */; };
		48E689CB2A48A6AF00F2C175 /* LazyNavigationView.swift in Sources */ = {isa = PBXBuildFile; fileRef = 48E689CA2A48A6AF00F2C175 /* LazyNavigationView.swift */; };
/* End PBXBuildFile section */

/* Begin PBXFileReference section */
		480C0A522A3E768C00FAA8C2 /* AllTickersView.swift */ = {isa = PBXFileReference; lastKnownFileType = sourcecode.swift; path = AllTickersView.swift; sourceTree = "<group>"; };
		480C0A542A3E769E00FAA8C2 /* TickerRowView.swift */ = {isa = PBXFileReference; lastKnownFileType = sourcecode.swift; path = TickerRowView.swift; sourceTree = "<group>"; };
		480C0A562A3E869C00FAA8C2 /* ContentViewModel.swift */ = {isa = PBXFileReference; lastKnownFileType = sourcecode.swift; path = ContentViewModel.swift; sourceTree = "<group>"; };
		483AAD852A4651D3001A3652 /* DateExtension.swift */ = {isa = PBXFileReference; lastKnownFileType = sourcecode.swift; path = DateExtension.swift; sourceTree = "<group>"; };
		483AAD872A466A7A001A3652 /* ChartView.swift */ = {isa = PBXFileReference; lastKnownFileType = sourcecode.swift; path = ChartView.swift; sourceTree = "<group>"; };
		485D9CCA2A43E3CC004B48D3 /* LowerDetailsModel.swift */ = {isa = PBXFileReference; lastKnownFileType = sourcecode.swift; path = LowerDetailsModel.swift; sourceTree = "<group>"; };
		485D9CCC2A43E510004B48D3 /* PreviewMockData.swift */ = {isa = PBXFileReference; lastKnownFileType = sourcecode.swift; path = PreviewMockData.swift; sourceTree = "<group>"; };
		486171FC2A3CFB23000F6B50 /* TopMoverItemView.swift */ = {isa = PBXFileReference; lastKnownFileType = sourcecode.swift; path = TopMoverItemView.swift; sourceTree = "<group>"; };
		486171FE2A3CFB47000F6B50 /* TopMoversView.swift */ = {isa = PBXFileReference; lastKnownFileType = sourcecode.swift; path = TopMoversView.swift; sourceTree = "<group>"; };
		489866222A3B92BD00944E78 /* CryptoData.app */ = {isa = PBXFileReference; explicitFileType = wrapper.application; includeInIndex = 0; path = CryptoData.app; sourceTree = BUILT_PRODUCTS_DIR; };
		489866252A3B92BD00944E78 /* CryptoDataApp.swift */ = {isa = PBXFileReference; lastKnownFileType = sourcecode.swift; path = CryptoDataApp.swift; sourceTree = "<group>"; };
		489866272A3B92BD00944E78 /* ContentView.swift */ = {isa = PBXFileReference; lastKnownFileType = sourcecode.swift; path = ContentView.swift; sourceTree = "<group>"; };
		489866292A3B92BD00944E78 /* Assets.xcassets */ = {isa = PBXFileReference; lastKnownFileType = folder.assetcatalog; path = Assets.xcassets; sourceTree = "<group>"; };
		4898662C2A3B92BD00944E78 /* Preview Assets.xcassets */ = {isa = PBXFileReference; lastKnownFileType = folder.assetcatalog; path = "Preview Assets.xcassets"; sourceTree = "<group>"; };
		48A5677E2A46346600EF1A67 /* ChartDataModel.swift */ = {isa = PBXFileReference; lastKnownFileType = sourcecode.swift; path = ChartDataModel.swift; sourceTree = "<group>"; };
		48B1B0DB2A42A6DE0031CE39 /* DoubleExt.swift */ = {isa = PBXFileReference; lastKnownFileType = sourcecode.swift; path = DoubleExt.swift; sourceTree = "<group>"; };
		48C881AA2A44C440000FBBD4 /* TickerDetailsSectionModel.swift */ = {isa = PBXFileReference; lastKnownFileType = sourcecode.swift; path = TickerDetailsSectionModel.swift; sourceTree = "<group>"; };
		48C881AC2A44CF77000FBBD4 /* TickerDetailsViewModel.swift */ = {isa = PBXFileReference; lastKnownFileType = sourcecode.swift; path = TickerDetailsViewModel.swift; sourceTree = "<group>"; };
		48D1FF952A3F8B9E00056350 /* Coin.swift */ = {isa = PBXFileReference; lastKnownFileType = sourcecode.swift; path = Coin.swift; sourceTree = "<group>"; };
		48D2EB722A43929A00E6F604 /* TickerDetailsView.swift */ = {isa = PBXFileReference; lastKnownFileType = sourcecode.swift; path = TickerDetailsView.swift; sourceTree = "<group>"; };
		48D2EB742A439FEB00E6F604 /* Color.swift */ = {isa = PBXFileReference; lastKnownFileType = sourcecode.swift; path = Color.swift; sourceTree = "<group>"; };
		48D2EB762A43A2E200E6F604 /* TickerLowerDetailsView.swift */ = {isa = PBXFileReference; lastKnownFileType = sourcecode.swift; path = TickerLowerDetailsView.swift; sourceTree = "<group>"; };
		48E689C82A489B0400F2C175 /* LoadingIndicator.swift */ = {isa = PBXFileReference; lastKnownFileType = sourcecode.swift; path = LoadingIndicator.swift; sourceTree = "<group>"; };
		48E689CA2A48A6AF00F2C175 /* LazyNavigationView.swift */ = {isa = PBXFileReference; lastKnownFileType = sourcecode.swift; path = LazyNavigationView.swift; sourceTree = "<group>"; };
/* End PBXFileReference section */

/* Begin PBXFrameworksBuildPhase section */
		4898661F2A3B92BD00944E78 /* Frameworks */ = {
			isa = PBXFrameworksBuildPhase;
			buildActionMask = 2147483647;
			files = (
				48B1B0DA2A42A55F0031CE39 /* Kingfisher in Frameworks */,
			);
			runOnlyForDeploymentPostprocessing = 0;
		};
/* End PBXFrameworksBuildPhase section */

/* Begin PBXGroup section */
		4800EB9C2AA9D7700052C3DA /* Views */ = {
			isa = PBXGroup;
			children = (
				489866272A3B92BD00944E78 /* ContentView.swift */,
				480C0A522A3E768C00FAA8C2 /* AllTickersView.swift */,
				480C0A542A3E769E00FAA8C2 /* TickerRowView.swift */,
				486171FE2A3CFB47000F6B50 /* TopMoversView.swift */,
				486171FC2A3CFB23000F6B50 /* TopMoverItemView.swift */,
				48D2EB722A43929A00E6F604 /* TickerDetailsView.swift */,
				48D2EB762A43A2E200E6F604 /* TickerLowerDetailsView.swift */,
				483AAD872A466A7A001A3652 /* ChartView.swift */,
				48E689C82A489B0400F2C175 /* LoadingIndicator.swift */,
			);
			path = Views;
			sourceTree = "<group>";
		};
		4800EBA02AA9EFF10052C3DA /* ViewModel */ = {
			isa = PBXGroup;
			children = (
				480C0A562A3E869C00FAA8C2 /* ContentViewModel.swift */,
				48C881AC2A44CF77000FBBD4 /* TickerDetailsViewModel.swift */,
			);
			path = ViewModel;
			sourceTree = "<group>";
		};
		489866192A3B92BD00944E78 = {
			isa = PBXGroup;
			children = (
				489866242A3B92BD00944E78 /* CryptoData */,
				489866232A3B92BD00944E78 /* Products */,
			);
			sourceTree = "<group>";
		};
		489866232A3B92BD00944E78 /* Products */ = {
			isa = PBXGroup;
			children = (
				489866222A3B92BD00944E78 /* CryptoData.app */,
			);
			name = Products;
			sourceTree = "<group>";
		};
		489866242A3B92BD00944E78 /* CryptoData */ = {
			isa = PBXGroup;
			children = (
				489866252A3B92BD00944E78 /* CryptoDataApp.swift */,
				48D1FF952A3F8B9E00056350 /* Coin.swift */,
				485D9CCA2A43E3CC004B48D3 /* LowerDetailsModel.swift */,
				48A5677E2A46346600EF1A67 /* ChartDataModel.swift */,
				48C881AA2A44C440000FBBD4 /* TickerDetailsSectionModel.swift */,
				4800EBA02AA9EFF10052C3DA /* ViewModel */,
				4800EB9C2AA9D7700052C3DA /* Views */,
				489866292A3B92BD00944E78 /* Assets.xcassets */,
				48B1B0DB2A42A6DE0031CE39 /* DoubleExt.swift */,
				48E689CA2A48A6AF00F2C175 /* LazyNavigationView.swift */,
				483AAD852A4651D3001A3652 /* DateExtension.swift */,
				48D2EB742A439FEB00E6F604 /* Color.swift */,
				4898662B2A3B92BD00944E78 /* Preview Content */,
				485D9CCC2A43E510004B48D3 /* PreviewMockData.swift */,
			);
			path = CryptoData;
			sourceTree = "<group>";
		};
		4898662B2A3B92BD00944E78 /* Preview Content */ = {
			isa = PBXGroup;
			children = (
				4898662C2A3B92BD00944E78 /* Preview Assets.xcassets */,
			);
			path = "Preview Content";
			sourceTree = "<group>";
		};
/* End PBXGroup section */

/* Begin PBXNativeTarget section */
		489866212A3B92BD00944E78 /* CryptoData */ = {
			isa = PBXNativeTarget;
			buildConfigurationList = 489866302A3B92BD00944E78 /* Build configuration list for PBXNativeTarget "CryptoData" */;
			buildPhases = (
				4898661E2A3B92BD00944E78 /* Sources */,
				4898661F2A3B92BD00944E78 /* Frameworks */,
				489866202A3B92BD00944E78 /* Resources */,
			);
			buildRules = (
			);
			dependencies = (
			);
			name = CryptoData;
			packageProductDependencies = (
				48B1B0D92A42A55F0031CE39 /* Kingfisher */,
			);
			productName = CryptoData;
			productReference = 489866222A3B92BD00944E78 /* CryptoData.app */;
			productType = "com.apple.product-type.application";
		};
/* End PBXNativeTarget section */

/* Begin PBXProject section */
		4898661A2A3B92BD00944E78 /* Project object */ = {
			isa = PBXProject;
			attributes = {
				BuildIndependentTargetsInParallel = 1;
				LastSwiftUpdateCheck = 1430;
				LastUpgradeCheck = 1430;
				TargetAttributes = {
					489866212A3B92BD00944E78 = {
						CreatedOnToolsVersion = 14.3.1;
					};
				};
			};
			buildConfigurationList = 4898661D2A3B92BD00944E78 /* Build configuration list for PBXProject "CryptoData" */;
			compatibilityVersion = "Xcode 14.0";
			developmentRegion = en;
			hasScannedForEncodings = 0;
			knownRegions = (
				en,
				Base,
			);
			mainGroup = 489866192A3B92BD00944E78;
			packageReferences = (
				48B1B0D82A42A55F0031CE39 /* XCRemoteSwiftPackageReference "Kingfisher" */,
			);
			productRefGroup = 489866232A3B92BD00944E78 /* Products */;
			projectDirPath = "";
			projectRoot = "";
			targets = (
				489866212A3B92BD00944E78 /* CryptoData */,
			);
		};
/* End PBXProject section */

/* Begin PBXResourcesBuildPhase section */
		489866202A3B92BD00944E78 /* Resources */ = {
			isa = PBXResourcesBuildPhase;
			buildActionMask = 2147483647;
			files = (
				4898662D2A3B92BD00944E78 /* Preview Assets.xcassets in Resources */,
				4898662A2A3B92BD00944E78 /* Assets.xcassets in Resources */,
			);
			runOnlyForDeploymentPostprocessing = 0;
		};
/* End PBXResourcesBuildPhase section */

/* Begin PBXSourcesBuildPhase section */
		4898661E2A3B92BD00944E78 /* Sources */ = {
			isa = PBXSourcesBuildPhase;
			buildActionMask = 2147483647;
			files = (
				486171FF2A3CFB47000F6B50 /* TopMoversView.swift in Sources */,
				48C881AB2A44C440000FBBD4 /* TickerDetailsSectionModel.swift in Sources */,
				48A5677F2A46346600EF1A67 /* ChartDataModel.swift in Sources */,
				480C0A552A3E769E00FAA8C2 /* TickerRowView.swift in Sources */,
				48D2EB752A439FEB00E6F604 /* Color.swift in Sources */,
				48E689CB2A48A6AF00F2C175 /* LazyNavigationView.swift in Sources */,
				489866282A3B92BD00944E78 /* ContentView.swift in Sources */,
				480C0A572A3E869C00FAA8C2 /* ContentViewModel.swift in Sources */,
				480C0A532A3E768C00FAA8C2 /* AllTickersView.swift in Sources */,
				48D2EB732A43929A00E6F604 /* TickerDetailsView.swift in Sources */,
				48D2EB772A43A2E200E6F604 /* TickerLowerDetailsView.swift in Sources */,
				483AAD882A466A7A001A3652 /* ChartView.swift in Sources */,
				489866262A3B92BD00944E78 /* CryptoDataApp.swift in Sources */,
				48E689C92A489B0400F2C175 /* LoadingIndicator.swift in Sources */,
				48D1FF962A3F8B9E00056350 /* Coin.swift in Sources */,
				48C881AD2A44CF77000FBBD4 /* TickerDetailsViewModel.swift in Sources */,
				483AAD862A4651D3001A3652 /* DateExtension.swift in Sources */,
				485D9CCD2A43E510004B48D3 /* PreviewMockData.swift in Sources */,
				485D9CCB2A43E3CC004B48D3 /* LowerDetailsModel.swift in Sources */,
				48B1B0DC2A42A6DE0031CE39 /* DoubleExt.swift in Sources */,
				486171FD2A3CFB23000F6B50 /* TopMoverItemView.swift in Sources */,
			);
			runOnlyForDeploymentPostprocessing = 0;
		};
/* End PBXSourcesBuildPhase section */

/* Begin XCBuildConfiguration section */
		4898662E2A3B92BD00944E78 /* Debug */ = {
			isa = XCBuildConfiguration;
			buildSettings = {
				ALWAYS_SEARCH_USER_PATHS = NO;
				CLANG_ANALYZER_NONNULL = YES;
				CLANG_ANALYZER_NUMBER_OBJECT_CONVERSION = YES_AGGRESSIVE;
				CLANG_CXX_LANGUAGE_STANDARD = "gnu++20";
				CLANG_ENABLE_MODULES = YES;
				CLANG_ENABLE_OBJC_ARC = YES;
				CLANG_ENABLE_OBJC_WEAK = YES;
				CLANG_WARN_BLOCK_CAPTURE_AUTORELEASING = YES;
				CLANG_WARN_BOOL_CONVERSION = YES;
				CLANG_WARN_COMMA = YES;
				CLANG_WARN_CONSTANT_CONVERSION = YES;
				CLANG_WARN_DEPRECATED_OBJC_IMPLEMENTATIONS = YES;
				CLANG_WARN_DIRECT_OBJC_ISA_USAGE = YES_ERROR;
				CLANG_WARN_DOCUMENTATION_COMMENTS = YES;
				CLANG_WARN_EMPTY_BODY = YES;
				CLANG_WARN_ENUM_CONVERSION = YES;
				CLANG_WARN_INFINITE_RECURSION = YES;
				CLANG_WARN_INT_CONVERSION = YES;
				CLANG_WARN_NON_LITERAL_NULL_CONVERSION = YES;
				CLANG_WARN_OBJC_IMPLICIT_RETAIN_SELF = YES;
				CLANG_WARN_OBJC_LITERAL_CONVERSION = YES;
				CLANG_WARN_OBJC_ROOT_CLASS = YES_ERROR;
				CLANG_WARN_QUOTED_INCLUDE_IN_FRAMEWORK_HEADER = YES;
				CLANG_WARN_RANGE_LOOP_ANALYSIS = YES;
				CLANG_WARN_STRICT_PROTOTYPES = YES;
				CLANG_WARN_SUSPICIOUS_MOVE = YES;
				CLANG_WARN_UNGUARDED_AVAILABILITY = YES_AGGRESSIVE;
				CLANG_WARN_UNREACHABLE_CODE = YES;
				CLANG_WARN__DUPLICATE_METHOD_MATCH = YES;
				COPY_PHASE_STRIP = NO;
				DEBUG_INFORMATION_FORMAT = dwarf;
				ENABLE_STRICT_OBJC_MSGSEND = YES;
				ENABLE_TESTABILITY = YES;
				GCC_C_LANGUAGE_STANDARD = gnu11;
				GCC_DYNAMIC_NO_PIC = NO;
				GCC_NO_COMMON_BLOCKS = YES;
				GCC_OPTIMIZATION_LEVEL = 0;
				GCC_PREPROCESSOR_DEFINITIONS = (
					"DEBUG=1",
					"$(inherited)",
				);
				GCC_WARN_64_TO_32_BIT_CONVERSION = YES;
				GCC_WARN_ABOUT_RETURN_TYPE = YES_ERROR;
				GCC_WARN_UNDECLARED_SELECTOR = YES;
				GCC_WARN_UNINITIALIZED_AUTOS = YES_AGGRESSIVE;
				GCC_WARN_UNUSED_FUNCTION = YES;
				GCC_WARN_UNUSED_VARIABLE = YES;
				IPHONEOS_DEPLOYMENT_TARGET = 16.4;
				MTL_ENABLE_DEBUG_INFO = INCLUDE_SOURCE;
				MTL_FAST_MATH = YES;
				ONLY_ACTIVE_ARCH = YES;
				SDKROOT = iphoneos;
				SWIFT_ACTIVE_COMPILATION_CONDITIONS = DEBUG;
				SWIFT_OPTIMIZATION_LEVEL = "-Onone";
			};
			name = Debug;
		};
		4898662F2A3B92BD00944E78 /* Release */ = {
			isa = XCBuildConfiguration;
			buildSettings = {
				ALWAYS_SEARCH_USER_PATHS = NO;
				CLANG_ANALYZER_NONNULL = YES;
				CLANG_ANALYZER_NUMBER_OBJECT_CONVERSION = YES_AGGRESSIVE;
				CLANG_CXX_LANGUAGE_STANDARD = "gnu++20";
				CLANG_ENABLE_MODULES = YES;
				CLANG_ENABLE_OBJC_ARC = YES;
				CLANG_ENABLE_OBJC_WEAK = YES;
				CLANG_WARN_BLOCK_CAPTURE_AUTORELEASING = YES;
				CLANG_WARN_BOOL_CONVERSION = YES;
				CLANG_WARN_COMMA = YES;
				CLANG_WARN_CONSTANT_CONVERSION = YES;
				CLANG_WARN_DEPRECATED_OBJC_IMPLEMENTATIONS = YES;
				CLANG_WARN_DIRECT_OBJC_ISA_USAGE = YES_ERROR;
				CLANG_WARN_DOCUMENTATION_COMMENTS = YES;
				CLANG_WARN_EMPTY_BODY = YES;
				CLANG_WARN_ENUM_CONVERSION = YES;
				CLANG_WARN_INFINITE_RECURSION = YES;
				CLANG_WARN_INT_CONVERSION = YES;
				CLANG_WARN_NON_LITERAL_NULL_CONVERSION = YES;
				CLANG_WARN_OBJC_IMPLICIT_RETAIN_SELF = YES;
				CLANG_WARN_OBJC_LITERAL_CONVERSION = YES;
				CLANG_WARN_OBJC_ROOT_CLASS = YES_ERROR;
				CLANG_WARN_QUOTED_INCLUDE_IN_FRAMEWORK_HEADER = YES;
				CLANG_WARN_RANGE_LOOP_ANALYSIS = YES;
				CLANG_WARN_STRICT_PROTOTYPES = YES;
				CLANG_WARN_SUSPICIOUS_MOVE = YES;
				CLANG_WARN_UNGUARDED_AVAILABILITY = YES_AGGRESSIVE;
				CLANG_WARN_UNREACHABLE_CODE = YES;
				CLANG_WARN__DUPLICATE_METHOD_MATCH = YES;
				COPY_PHASE_STRIP = NO;
				DEBUG_INFORMATION_FORMAT = "dwarf-with-dsym";
				ENABLE_NS_ASSERTIONS = NO;
				ENABLE_STRICT_OBJC_MSGSEND = YES;
				GCC_C_LANGUAGE_STANDARD = gnu11;
				GCC_NO_COMMON_BLOCKS = YES;
				GCC_WARN_64_TO_32_BIT_CONVERSION = YES;
				GCC_WARN_ABOUT_RETURN_TYPE = YES_ERROR;
				GCC_WARN_UNDECLARED_SELECTOR = YES;
				GCC_WARN_UNINITIALIZED_AUTOS = YES_AGGRESSIVE;
				GCC_WARN_UNUSED_FUNCTION = YES;
				GCC_WARN_UNUSED_VARIABLE = YES;
				IPHONEOS_DEPLOYMENT_TARGET = 16.4;
				MTL_ENABLE_DEBUG_INFO = NO;
				MTL_FAST_MATH = YES;
				SDKROOT = iphoneos;
				SWIFT_COMPILATION_MODE = wholemodule;
				SWIFT_OPTIMIZATION_LEVEL = "-O";
				VALIDATE_PRODUCT = YES;
			};
			name = Release;
		};
		489866312A3B92BD00944E78 /* Debug */ = {
			isa = XCBuildConfiguration;
			buildSettings = {
				ASSETCATALOG_COMPILER_APPICON_NAME = AppIcon;
				ASSETCATALOG_COMPILER_GLOBAL_ACCENT_COLOR_NAME = AccentColor;
				CODE_SIGN_STYLE = Automatic;
				CURRENT_PROJECT_VERSION = 1;
				DEVELOPMENT_ASSET_PATHS = "\"CryptoData/Preview Content\"";
				DEVELOPMENT_TEAM = 248WY5BL5B;
				ENABLE_PREVIEWS = YES;
				GENERATE_INFOPLIST_FILE = YES;
				INFOPLIST_KEY_UIApplicationSceneManifest_Generation = YES;
				INFOPLIST_KEY_UIApplicationSupportsIndirectInputEvents = YES;
				INFOPLIST_KEY_UILaunchScreen_Generation = YES;
				INFOPLIST_KEY_UISupportedInterfaceOrientations_iPad = "UIInterfaceOrientationPortrait UIInterfaceOrientationPortraitUpsideDown UIInterfaceOrientationLandscapeLeft UIInterfaceOrientationLandscapeRight";
				INFOPLIST_KEY_UISupportedInterfaceOrientations_iPhone = "UIInterfaceOrientationPortrait UIInterfaceOrientationLandscapeLeft UIInterfaceOrientationLandscapeRight";
				LD_RUNPATH_SEARCH_PATHS = (
					"$(inherited)",
					"@executable_path/Frameworks",
				);
				MARKETING_VERSION = 1.0;
				PRODUCT_BUNDLE_IDENTIFIER = com.kirillsmirnov.CryptoData;
				PRODUCT_NAME = "$(TARGET_NAME)";
				SWIFT_EMIT_LOC_STRINGS = YES;
				SWIFT_VERSION = 5.0;
				TARGETED_DEVICE_FAMILY = "1,2";
			};
			name = Debug;
		};
		489866322A3B92BD00944E78 /* Release */ = {
			isa = XCBuildConfiguration;
			buildSettings = {
				ASSETCATALOG_COMPILER_APPICON_NAME = AppIcon;
				ASSETCATALOG_COMPILER_GLOBAL_ACCENT_COLOR_NAME = AccentColor;
				CODE_SIGN_STYLE = Automatic;
				CURRENT_PROJECT_VERSION = 1;
				DEVELOPMENT_ASSET_PATHS = "\"CryptoData/Preview Content\"";
				DEVELOPMENT_TEAM = 248WY5BL5B;
				ENABLE_PREVIEWS = YES;
				GENERATE_INFOPLIST_FILE = YES;
				INFOPLIST_KEY_UIApplicationSceneManifest_Generation = YES;
				INFOPLIST_KEY_UIApplicationSupportsIndirectInputEvents = YES;
				INFOPLIST_KEY_UILaunchScreen_Generation = YES;
				INFOPLIST_KEY_UISupportedInterfaceOrientations_iPad = "UIInterfaceOrientationPortrait UIInterfaceOrientationPortraitUpsideDown UIInterfaceOrientationLandscapeLeft UIInterfaceOrientationLandscapeRight";
				INFOPLIST_KEY_UISupportedInterfaceOrientations_iPhone = "UIInterfaceOrientationPortrait UIInterfaceOrientationLandscapeLeft UIInterfaceOrientationLandscapeRight";
				LD_RUNPATH_SEARCH_PATHS = (
					"$(inherited)",
					"@executable_path/Frameworks",
				);
				MARKETING_VERSION = 1.0;
				PRODUCT_BUNDLE_IDENTIFIER = com.kirillsmirnov.CryptoData;
				PRODUCT_NAME = "$(TARGET_NAME)";
				SWIFT_EMIT_LOC_STRINGS = YES;
				SWIFT_VERSION = 5.0;
				TARGETED_DEVICE_FAMILY = "1,2";
			};
			name = Release;
		};
/* End XCBuildConfiguration section */

/* Begin XCConfigurationList section */
		4898661D2A3B92BD00944E78 /* Build configuration list for PBXProject "CryptoData" */ = {
			isa = XCConfigurationList;
			buildConfigurations = (
				4898662E2A3B92BD00944E78 /* Debug */,
				4898662F2A3B92BD00944E78 /* Release */,
			);
			defaultConfigurationIsVisible = 0;
			defaultConfigurationName = Release;
		};
		489866302A3B92BD00944E78 /* Build configuration list for PBXNativeTarget "CryptoData" */ = {
			isa = XCConfigurationList;
			buildConfigurations = (
				489866312A3B92BD00944E78 /* Debug */,
				489866322A3B92BD00944E78 /* Release */,
			);
			defaultConfigurationIsVisible = 0;
			defaultConfigurationName = Release;
		};
/* End XCConfigurationList section */

/* Begin XCRemoteSwiftPackageReference section */
		48B1B0D82A42A55F0031CE39 /* XCRemoteSwiftPackageReference "Kingfisher" */ = {
			isa = XCRemoteSwiftPackageReference;
			repositoryURL = "https://github.com/onevcat/Kingfisher.git";
			requirement = {
				kind = upToNextMajorVersion;
				minimumVersion = 7.0.0;
			};
		};
/* End XCRemoteSwiftPackageReference section */

/* Begin XCSwiftPackageProductDependency section */
		48B1B0D92A42A55F0031CE39 /* Kingfisher */ = {
			isa = XCSwiftPackageProductDependency;
			package = 48B1B0D82A42A55F0031CE39 /* XCRemoteSwiftPackageReference "Kingfisher" */;
			productName = Kingfisher;
		};
/* End XCSwiftPackageProductDependency section */
	};
	rootObject = 4898661A2A3B92BD00944E78 /* Project object */;
}
